
Microsoft Visual Studio Solution File, Format Version 12.00
# Visual Studio Version 17
VisualStudioVersion = 17.4.33103.184
MinimumVisualStudioVersion = 10.0.40219.1
Project("{FAE04EC0-301F-11D3-BF4B-00C04F79EFBC}") = "Modulo4N", "Modulo4N\Modulo4N.csproj", "{39D808AD-A730-435B-9B2F-D63185A41700}"
EndProject
Global
	GlobalSection(SolutionConfigurationPlatforms) = preSolution
		Debug|Any CPU = Debug|Any CPU
		Release|Any CPU = Release|Any CPU
	EndGlobalSection
	GlobalSection(ProjectConfigurationPlatforms) = postSolution
		{39D808AD-A730-435B-9B2F-D63185A41700}.Debug|Any CPU.ActiveCfg = Debug|Any CPU
		{39D808AD-A730-435B-9B2F-D63185A41700}.Debug|Any CPU.Build.0 = Debug|Any CPU
		{39D808AD-A730-435B-9B2F-D63185A41700}.Release|Any CPU.ActiveCfg = Release|Any CPU
		{39D808AD-A730-435B-9B2F-D63185A41700}.Release|Any CPU.Build.0 = Release|Any CPU
	EndGlobalSection
	GlobalSection(SolutionProperties) = preSolution
		HideSolutionNode = FALSE
	EndGlobalSection
	GlobalSection(ExtensibilityGlobals) = postSolution
		SolutionGuid = {BA69795D-4141-4EA9-93A1-43FCD8731748}
	EndGlobalSection
EndGlobal
